// !$*UTF8*$!
{
	archiveVersion = 1;
	classes = {
	};
	objectVersion = 50;
	objects = {

/* Begin PBXBuildFile section */
		57A33E91207E778B00A42D70 /* AppDelegate.swift in Sources */ = {isa = PBXBuildFile; fileRef = 57A33E90207E778B00A42D70 /* AppDelegate.swift */; };
		57A33E93207E778B00A42D70 /* ViewController.swift in Sources */ = {isa = PBXBuildFile; fileRef = 57A33E92207E778B00A42D70 /* ViewController.swift */; };
		57A33E96207E778B00A42D70 /* Main.storyboard in Resources */ = {isa = PBXBuildFile; fileRef = 57A33E94207E778B00A42D70 /* Main.storyboard */; };
		57A33E98207E778D00A42D70 /* Assets.xcassets in Resources */ = {isa = PBXBuildFile; fileRef = 57A33E97207E778D00A42D70 /* Assets.xcassets */; };
		57A33E9B207E778D00A42D70 /* LaunchScreen.storyboard in Resources */ = {isa = PBXBuildFile; fileRef = 57A33E99207E778D00A42D70 /* LaunchScreen.storyboard */; };
		57A33EA6207E778D00A42D70 /* NunesPrototipoTests.swift in Sources */ = {isa = PBXBuildFile; fileRef = 57A33EA5207E778D00A42D70 /* NunesPrototipoTests.swift */; };
		57A33EB1207E778D00A42D70 /* NunesPrototipoUITests.swift in Sources */ = {isa = PBXBuildFile; fileRef = 57A33EB0207E778D00A42D70 /* NunesPrototipoUITests.swift */; };
		57F7DDEC207FFB6D0082EDB1 /* TVCCellTableViewCell.swift in Sources */ = {isa = PBXBuildFile; fileRef = 57F7DDEB207FFB6D0082EDB1 /* TVCCellTableViewCell.swift */; };
/* End PBXBuildFile section */

/* Begin PBXContainerItemProxy section */
		57A33EA2207E778D00A42D70 /* PBXContainerItemProxy */ = {
			isa = PBXContainerItemProxy;
			containerPortal = 57A33E85207E778B00A42D70 /* Project object */;
			proxyType = 1;
			remoteGlobalIDString = 57A33E8C207E778B00A42D70;
			remoteInfo = NunesPrototipo;
		};
		57A33EAD207E778D00A42D70 /* PBXContainerItemProxy */ = {
			isa = PBXContainerItemProxy;
			containerPortal = 57A33E85207E778B00A42D70 /* Project object */;
			proxyType = 1;
			remoteGlobalIDString = 57A33E8C207E778B00A42D70;
			remoteInfo = NunesPrototipo;
		};
/* End PBXContainerItemProxy section */

/* Begin PBXFileReference section */
		57A33E8D207E778B00A42D70 /* NunesPrototipo.app */ = {isa = PBXFileReference; explicitFileType = wrapper.application; includeInIndex = 0; path = NunesPrototipo.app; sourceTree = BUILT_PRODUCTS_DIR; };
		57A33E90207E778B00A42D70 /* AppDelegate.swift */ = {isa = PBXFileReference; lastKnownFileType = sourcecode.swift; path = AppDelegate.swift; sourceTree = "<group>"; };
		57A33E92207E778B00A42D70 /* ViewController.swift */ = {isa = PBXFileReference; lastKnownFileType = sourcecode.swift; path = ViewController.swift; sourceTree = "<group>"; };
		57A33E95207E778B00A42D70 /* Base */ = {isa = PBXFileReference; lastKnownFileType = file.storyboard; name = Base; path = Base.lproj/Main.storyboard; sourceTree = "<group>"; };
		57A33E97207E778D00A42D70 /* Assets.xcassets */ = {isa = PBXFileReference; lastKnownFileType = folder.assetcatalog; path = Assets.xcassets; sourceTree = "<group>"; };
		57A33E9A207E778D00A42D70 /* Base */ = {isa = PBXFileReference; lastKnownFileType = file.storyboard; name = Base; path = Base.lproj/LaunchScreen.storyboard; sourceTree = "<group>"; };
		57A33E9C207E778D00A42D70 /* Info.plist */ = {isa = PBXFileReference; lastKnownFileType = text.plist.xml; path = Info.plist; sourceTree = "<group>"; };
		57A33EA1207E778D00A42D70 /* NunesPrototipoTests.xctest */ = {isa = PBXFileReference; explicitFileType = wrapper.cfbundle; includeInIndex = 0; path = NunesPrototipoTests.xctest; sourceTree = BUILT_PRODUCTS_DIR; };
		57A33EA5207E778D00A42D70 /* NunesPrototipoTests.swift */ = {isa = PBXFileReference; lastKnownFileType = sourcecode.swift; path = NunesPrototipoTests.swift; sourceTree = "<group>"; };
		57A33EA7207E778D00A42D70 /* Info.plist */ = {isa = PBXFileReference; lastKnownFileType = text.plist.xml; path = Info.plist; sourceTree = "<group>"; };
		57A33EAC207E778D00A42D70 /* NunesPrototipoUITests.xctest */ = {isa = PBXFileReference; explicitFileType = wrapper.cfbundle; includeInIndex = 0; path = NunesPrototipoUITests.xctest; sourceTree = BUILT_PRODUCTS_DIR; };
		57A33EB0207E778D00A42D70 /* NunesPrototipoUITests.swift */ = {isa = PBXFileReference; lastKnownFileType = sourcecode.swift; path = NunesPrototipoUITests.swift; sourceTree = "<group>"; };
		57A33EB2207E778D00A42D70 /* Info.plist */ = {isa = PBXFileReference; lastKnownFileType = text.plist.xml; path = Info.plist; sourceTree = "<group>"; };
		57F7DDEB207FFB6D0082EDB1 /* TVCCellTableViewCell.swift */ = {isa = PBXFileReference; lastKnownFileType = sourcecode.swift; path = TVCCellTableViewCell.swift; sourceTree = "<group>"; };
/* End PBXFileReference section */

/* Begin PBXFrameworksBuildPhase section */
		57A33E8A207E778B00A42D70 /* Frameworks */ = {
			isa = PBXFrameworksBuildPhase;
			buildActionMask = 2147483647;
			files = (
			);
			runOnlyForDeploymentPostprocessing = 0;
		};
		57A33E9E207E778D00A42D70 /* Frameworks */ = {
			isa = PBXFrameworksBuildPhase;
			buildActionMask = 2147483647;
			files = (
			);
			runOnlyForDeploymentPostprocessing = 0;
		};
		57A33EA9207E778D00A42D70 /* Frameworks */ = {
			isa = PBXFrameworksBuildPhase;
			buildActionMask = 2147483647;
			files = (
			);
			runOnlyForDeploymentPostprocessing = 0;
		};
/* End PBXFrameworksBuildPhase section */

/* Begin PBXGroup section */
		57A33E84207E778B00A42D70 = {
			isa = PBXGroup;
			children = (
				57A33E8F207E778B00A42D70 /* NunesPrototipo */,
				57A33EA4207E778D00A42D70 /* NunesPrototipoTests */,
				57A33EAF207E778D00A42D70 /* NunesPrototipoUITests */,
				57A33E8E207E778B00A42D70 /* Products */,
			);
			sourceTree = "<group>";
		};
		57A33E8E207E778B00A42D70 /* Products */ = {
			isa = PBXGroup;
			children = (
				57A33E8D207E778B00A42D70 /* NunesPrototipo.app */,
				57A33EA1207E778D00A42D70 /* NunesPrototipoTests.xctest */,
				57A33EAC207E778D00A42D70 /* NunesPrototipoUITests.xctest */,
			);
			name = Products;
			sourceTree = "<group>";
		};
		57A33E8F207E778B00A42D70 /* NunesPrototipo */ = {
			isa = PBXGroup;
			children = (
				57A33E90207E778B00A42D70 /* AppDelegate.swift */,
				57A33E92207E778B00A42D70 /* ViewController.swift */,
				57A33E94207E778B00A42D70 /* Main.storyboard */,
				57F7DDEB207FFB6D0082EDB1 /* TVCCellTableViewCell.swift */,
				57A33E97207E778D00A42D70 /* Assets.xcassets */,
				57A33E99207E778D00A42D70 /* LaunchScreen.storyboard */,
				57A33E9C207E778D00A42D70 /* Info.plist */,
			);
			path = NunesPrototipo;
			sourceTree = "<group>";
		};
		57A33EA4207E778D00A42D70 /* NunesPrototipoTests */ = {
			isa = PBXGroup;
			children = (
				57A33EA5207E778D00A42D70 /* NunesPrototipoTests.swift */,
				57A33EA7207E778D00A42D70 /* Info.plist */,
			);
			path = NunesPrototipoTests;
			sourceTree = "<group>";
		};
		57A33EAF207E778D00A42D70 /* NunesPrototipoUITests */ = {
			isa = PBXGroup;
			children = (
				57A33EB0207E778D00A42D70 /* NunesPrototipoUITests.swift */,
				57A33EB2207E778D00A42D70 /* Info.plist */,
			);
			path = NunesPrototipoUITests;
			sourceTree = "<group>";
		};
/* End PBXGroup section */

/* Begin PBXNativeTarget section */
		57A33E8C207E778B00A42D70 /* NunesPrototipo */ = {
			isa = PBXNativeTarget;
			buildConfigurationList = 57A33EB5207E778D00A42D70 /* Build configuration list for PBXNativeTarget "NunesPrototipo" */;
			buildPhases = (
				57A33E89207E778B00A42D70 /* Sources */,
				57A33E8A207E778B00A42D70 /* Frameworks */,
				57A33E8B207E778B00A42D70 /* Resources */,
			);
			buildRules = (
			);
			dependencies = (
			);
			name = NunesPrototipo;
			productName = NunesPrototipo;
			productReference = 57A33E8D207E778B00A42D70 /* NunesPrototipo.app */;
			productType = "com.apple.product-type.application";
		};
		57A33EA0207E778D00A42D70 /* NunesPrototipoTests */ = {
			isa = PBXNativeTarget;
			buildConfigurationList = 57A33EB8207E778D00A42D70 /* Build configuration list for PBXNativeTarget "NunesPrototipoTests" */;
			buildPhases = (
				57A33E9D207E778D00A42D70 /* Sources */,
				57A33E9E207E778D00A42D70 /* Frameworks */,
				57A33E9F207E778D00A42D70 /* Resources */,
			);
			buildRules = (
			);
			dependencies = (
				57A33EA3207E778D00A42D70 /* PBXTargetDependency */,
			);
			name = NunesPrototipoTests;
			productName = NunesPrototipoTests;
			productReference = 57A33EA1207E778D00A42D70 /* NunesPrototipoTests.xctest */;
			productType = "com.apple.product-type.bundle.unit-test";
		};
		57A33EAB207E778D00A42D70 /* NunesPrototipoUITests */ = {
			isa = PBXNativeTarget;
			buildConfigurationList = 57A33EBB207E778D00A42D70 /* Build configuration list for PBXNativeTarget "NunesPrototipoUITests" */;
			buildPhases = (
				57A33EA8207E778D00A42D70 /* Sources */,
				57A33EA9207E778D00A42D70 /* Frameworks */,
				57A33EAA207E778D00A42D70 /* Resources */,
			);
			buildRules = (
			);
			dependencies = (
				57A33EAE207E778D00A42D70 /* PBXTargetDependency */,
			);
			name = NunesPrototipoUITests;
			productName = NunesPrototipoUITests;
			productReference = 57A33EAC207E778D00A42D70 /* NunesPrototipoUITests.xctest */;
			productType = "com.apple.product-type.bundle.ui-testing";
		};
/* End PBXNativeTarget section */

/* Begin PBXProject section */
		57A33E85207E778B00A42D70 /* Project object */ = {
			isa = PBXProject;
			attributes = {
				LastSwiftUpdateCheck = 0930;
				LastUpgradeCheck = 0930;
				ORGANIZATIONNAME = Aluno;
				TargetAttributes = {
					57A33E8C207E778B00A42D70 = {
						CreatedOnToolsVersion = 9.3;
					};
					57A33EA0207E778D00A42D70 = {
						CreatedOnToolsVersion = 9.3;
						TestTargetID = 57A33E8C207E778B00A42D70;
					};
					57A33EAB207E778D00A42D70 = {
						CreatedOnToolsVersion = 9.3;
						TestTargetID = 57A33E8C207E778B00A42D70;
					};
				};
			};
			buildConfigurationList = 57A33E88207E778B00A42D70 /* Build configuration list for PBXProject "NunesPrototipo" */;
			compatibilityVersion = "Xcode 9.3";
			developmentRegion = en;
			hasScannedForEncodings = 0;
			knownRegions = (
				en,
				Base,
			);
			mainGroup = 57A33E84207E778B00A42D70;
			productRefGroup = 57A33E8E207E778B00A42D70 /* Products */;
			projectDirPath = "";
			projectRoot = "";
			targets = (
				57A33E8C207E778B00A42D70 /* NunesPrototipo */,
				57A33EA0207E778D00A42D70 /* NunesPrototipoTests */,
				57A33EAB207E778D00A42D70 /* NunesPrototipoUITests */,
			);
		};
/* End PBXProject section */

/* Begin PBXResourcesBuildPhase section */
		57A33E8B207E778B00A42D70 /* Resources */ = {
			isa = PBXResourcesBuildPhase;
			buildActionMask = 2147483647;
			files = (
				57A33E9B207E778D00A42D70 /* LaunchScreen.storyboard in Resources */,
				57A33E98207E778D00A42D70 /* Assets.xcassets in Resources */,
				57A33E96207E778B00A42D70 /* Main.storyboard in Resources */,
			);
			runOnlyForDeploymentPostprocessing = 0;
		};
		57A33E9F207E778D00A42D70 /* Resources */ = {
			isa = PBXResourcesBuildPhase;
			buildActionMask = 2147483647;
			files = (
			);
			runOnlyForDeploymentPostprocessing = 0;
		};
		57A33EAA207E778D00A42D70 /* Resources */ = {
			isa = PBXResourcesBuildPhase;
			buildActionMask = 2147483647;
			files = (
			);
			runOnlyForDeploymentPostprocessing = 0;
		};
/* End PBXResourcesBuildPhase section */

/* Begin PBXSourcesBuildPhase section */
		57A33E89207E778B00A42D70 /* Sources */ = {
			isa = PBXSourcesBuildPhase;
			buildActionMask = 2147483647;
			files = (
				57A33E93207E778B00A42D70 /* ViewController.swift in Sources */,
				57A33E91207E778B00A42D70 /* AppDelegate.swift in Sources */,
				57F7DDEC207FFB6D0082EDB1 /* TVCCellTableViewCell.swift in Sources */,
			);
			runOnlyForDeploymentPostprocessing = 0;
		};
		57A33E9D207E778D00A42D70 /* Sources */ = {
			isa = PBXSourcesBuildPhase;
			buildActionMask = 2147483647;
			files = (
				57A33EA6207E778D00A42D70 /* NunesPrototipoTests.swift in Sources */,
			);
			runOnlyForDeploymentPostprocessing = 0;
		};
		57A33EA8207E778D00A42D70 /* Sources */ = {
			isa = PBXSourcesBuildPhase;
			buildActionMask = 2147483647;
			files = (
				57A33EB1207E778D00A42D70 /* NunesPrototipoUITests.swift in Sources */,
			);
			runOnlyForDeploymentPostprocessing = 0;
		};
/* End PBXSourcesBuildPhase section */

/* Begin PBXTargetDependency section */
		57A33EA3207E778D00A42D70 /* PBXTargetDependency */ = {
			isa = PBXTargetDependency;
			target = 57A33E8C207E778B00A42D70 /* NunesPrototipo */;
			targetProxy = 57A33EA2207E778D00A42D70 /* PBXContainerItemProxy */;
		};
		57A33EAE207E778D00A42D70 /* PBXTargetDependency */ = {
			isa = PBXTargetDependency;
			target = 57A33E8C207E778B00A42D70 /* NunesPrototipo */;
			targetProxy = 57A33EAD207E778D00A42D70 /* PBXContainerItemProxy */;
		};
/* End PBXTargetDependency section */

/* Begin PBXVariantGroup section */
		57A33E94207E778B00A42D70 /* Main.storyboard */ = {
			isa = PBXVariantGroup;
			children = (
				57A33E95207E778B00A42D70 /* Base */,
			);
			name = Main.storyboard;
			sourceTree = "<group>";
		};
		57A33E99207E778D00A42D70 /* LaunchScreen.storyboard */ = {
			isa = PBXVariantGroup;
			children = (
				57A33E9A207E778D00A42D70 /* Base */,
			);
			name = LaunchScreen.storyboard;
			sourceTree = "<group>";
		};
/* End PBXVariantGroup section */

/* Begin XCBuildConfiguration section */
		57A33EB3207E778D00A42D70 /* Debug */ = {
			isa = XCBuildConfiguration;
			buildSettings = {
				ALWAYS_SEARCH_USER_PATHS = NO;
				CLANG_ANALYZER_NONNULL = YES;
				CLANG_ANALYZER_NUMBER_OBJECT_CONVERSION = YES_AGGRESSIVE;
				CLANG_CXX_LANGUAGE_STANDARD = "gnu++14";
				CLANG_CXX_LIBRARY = "libc++";
				CLANG_ENABLE_MODULES = YES;
				CLANG_ENABLE_OBJC_ARC = YES;
				CLANG_ENABLE_OBJC_WEAK = YES;
				CLANG_WARN_BLOCK_CAPTURE_AUTORELEASING = YES;
				CLANG_WARN_BOOL_CONVERSION = YES;
				CLANG_WARN_COMMA = YES;
				CLANG_WARN_CONSTANT_CONVERSION = YES;
				CLANG_WARN_DEPRECATED_OBJC_IMPLEMENTATIONS = YES;
				CLANG_WARN_DIRECT_OBJC_ISA_USAGE = YES_ERROR;
				CLANG_WARN_DOCUMENTATION_COMMENTS = YES;
				CLANG_WARN_EMPTY_BODY = YES;
				CLANG_WARN_ENUM_CONVERSION = YES;
				CLANG_WARN_INFINITE_RECURSION = YES;
				CLANG_WARN_INT_CONVERSION = YES;
				CLANG_WARN_NON_LITERAL_NULL_CONVERSION = YES;
				CLANG_WARN_OBJC_IMPLICIT_RETAIN_SELF = YES;
				CLANG_WARN_OBJC_LITERAL_CONVERSION = YES;
				CLANG_WARN_OBJC_ROOT_CLASS = YES_ERROR;
				CLANG_WARN_RANGE_LOOP_ANALYSIS = YES;
				CLANG_WARN_STRICT_PROTOTYPES = YES;
				CLANG_WARN_SUSPICIOUS_MOVE = YES;
				CLANG_WARN_UNGUARDED_AVAILABILITY = YES_AGGRESSIVE;
				CLANG_WARN_UNREACHABLE_CODE = YES;
				CLANG_WARN__DUPLICATE_METHOD_MATCH = YES;
				CODE_SIGN_IDENTITY = "iPhone Developer";
				COPY_PHASE_STRIP = NO;
				DEBUG_INFORMATION_FORMAT = dwarf;
				ENABLE_STRICT_OBJC_MSGSEND = YES;
				ENABLE_TESTABILITY = YES;
				GCC_C_LANGUAGE_STANDARD = gnu11;
				GCC_DYNAMIC_NO_PIC = NO;
				GCC_NO_COMMON_BLOCKS = YES;
				GCC_OPTIMIZATION_LEVEL = 0;
				GCC_PREPROCESSOR_DEFINITIONS = (
					"DEBUG=1",
					"$(inherited)",
				);
				GCC_WARN_64_TO_32_BIT_CONVERSION = YES;
				GCC_WARN_ABOUT_RETURN_TYPE = YES_ERROR;
				GCC_WARN_UNDECLARED_SELECTOR = YES;
				GCC_WARN_UNINITIALIZED_AUTOS = YES_AGGRESSIVE;
				GCC_WARN_UNUSED_FUNCTION = YES;
				GCC_WARN_UNUSED_VARIABLE = YES;
				IPHONEOS_DEPLOYMENT_TARGET = 11.3;
				MTL_ENABLE_DEBUG_INFO = YES;
				ONLY_ACTIVE_ARCH = YES;
				SDKROOT = iphoneos;
				SWIFT_ACTIVE_COMPILATION_CONDITIONS = DEBUG;
				SWIFT_OPTIMIZATION_LEVEL = "-Onone";
			};
			name = Debug;
		};
		57A33EB4207E778D00A42D70 /* Release */ = {
			isa = XCBuildConfiguration;
			buildSettings = {
				ALWAYS_SEARCH_USER_PATHS = NO;
				CLANG_ANALYZER_NONNULL = YES;
				CLANG_ANALYZER_NUMBER_OBJECT_CONVERSION = YES_AGGRESSIVE;
				CLANG_CXX_LANGUAGE_STANDARD = "gnu++14";
				CLANG_CXX_LIBRARY = "libc++";
				CLANG_ENABLE_MODULES = YES;
				CLANG_ENABLE_OBJC_ARC = YES;
				CLANG_ENABLE_OBJC_WEAK = YES;
				CLANG_WARN_BLOCK_CAPTURE_AUTORELEASING = YES;
				CLANG_WARN_BOOL_CONVERSION = YES;
				CLANG_WARN_COMMA = YES;
				CLANG_WARN_CONSTANT_CONVERSION = YES;
				CLANG_WARN_DEPRECATED_OBJC_IMPLEMENTATIONS = YES;
				CLANG_WARN_DIRECT_OBJC_ISA_USAGE = YES_ERROR;
				CLANG_WARN_DOCUMENTATION_COMMENTS = YES;
				CLANG_WARN_EMPTY_BODY = YES;
				CLANG_WARN_ENUM_CONVERSION = YES;
				CLANG_WARN_INFINITE_RECURSION = YES;
				CLANG_WARN_INT_CONVERSION = YES;
				CLANG_WARN_NON_LITERAL_NULL_CONVERSION = YES;
				CLANG_WARN_OBJC_IMPLICIT_RETAIN_SELF = YES;
				CLANG_WARN_OBJC_LITERAL_CONVERSION = YES;
				CLANG_WARN_OBJC_ROOT_CLASS = YES_ERROR;
				CLANG_WARN_RANGE_LOOP_ANALYSIS = YES;
				CLANG_WARN_STRICT_PROTOTYPES = YES;
				CLANG_WARN_SUSPICIOUS_MOVE = YES;
				CLANG_WARN_UNGUARDED_AVAILABILITY = YES_AGGRESSIVE;
				CLANG_WARN_UNREACHABLE_CODE = YES;
				CLANG_WARN__DUPLICATE_METHOD_MATCH = YES;
				CODE_SIGN_IDENTITY = "iPhone Developer";
				COPY_PHASE_STRIP = NO;
				DEBUG_INFORMATION_FORMAT = "dwarf-with-dsym";
				ENABLE_NS_ASSERTIONS = NO;
				ENABLE_STRICT_OBJC_MSGSEND = YES;
				GCC_C_LANGUAGE_STANDARD = gnu11;
				GCC_NO_COMMON_BLOCKS = YES;
				GCC_WARN_64_TO_32_BIT_CONVERSION = YES;
				GCC_WARN_ABOUT_RETURN_TYPE = YES_ERROR;
				GCC_WARN_UNDECLARED_SELECTOR = YES;
				GCC_WARN_UNINITIALIZED_AUTOS = YES_AGGRESSIVE;
				GCC_WARN_UNUSED_FUNCTION = YES;
				GCC_WARN_UNUSED_VARIABLE = YES;
				IPHONEOS_DEPLOYMENT_TARGET = 11.3;
				MTL_ENABLE_DEBUG_INFO = NO;
				SDKROOT = iphoneos;
				SWIFT_COMPILATION_MODE = wholemodule;
				SWIFT_OPTIMIZATION_LEVEL = "-O";
				VALIDATE_PRODUCT = YES;
			};
			name = Release;
		};
		57A33EB6207E778D00A42D70 /* Debug */ = {
			isa = XCBuildConfiguration;
			buildSettings = {
				ASSETCATALOG_COMPILER_APPICON_NAME = AppIcon;
				CODE_SIGN_STYLE = Automatic;
				INFOPLIST_FILE = NunesPrototipo/Info.plist;
				LD_RUNPATH_SEARCH_PATHS = (
					"$(inherited)",
					"@executable_path/Frameworks",
				);
				PRODUCT_BUNDLE_IDENTIFIER = UFPE.NunesPrototipo;
				PRODUCT_NAME = "$(TARGET_NAME)";
				SWIFT_VERSION = 4.0;
				TARGETED_DEVICE_FAMILY = "1,2";
			};
			name = Debug;
		};
		57A33EB7207E778D00A42D70 /* Release */ = {
			isa = XCBuildConfiguration;
			buildSettings = {
				ASSETCATALOG_COMPILER_APPICON_NAME = AppIcon;
				CODE_SIGN_STYLE = Automatic;
				INFOPLIST_FILE = NunesPrototipo/Info.plist;
				LD_RUNPATH_SEARCH_PATHS = (
					"$(inherited)",
					"@executable_path/Frameworks",
				);
				PRODUCT_BUNDLE_IDENTIFIER = UFPE.NunesPrototipo;
				PRODUCT_NAME = "$(TARGET_NAME)";
				SWIFT_VERSION = 4.0;
				TARGETED_DEVICE_FAMILY = "1,2";
			};
			name = Release;
		};
		57A33EB9207E778D00A42D70 /* Debug */ = {
			isa = XCBuildConfiguration;
			buildSettings = {
				ALWAYS_EMBED_SWIFT_STANDARD_LIBRARIES = YES;
				BUNDLE_LOADER = "$(TEST_HOST)";
				CODE_SIGN_STYLE = Automatic;
				INFOPLIST_FILE = NunesPrototipoTests/Info.plist;
				LD_RUNPATH_SEARCH_PATHS = (
					"$(inherited)",
					"@executable_path/Frameworks",
					"@loader_path/Frameworks",
				);
				PRODUCT_BUNDLE_IDENTIFIER = UFPE.NunesPrototipoTests;
				PRODUCT_NAME = "$(TARGET_NAME)";
				SWIFT_VERSION = 4.0;
				TARGETED_DEVICE_FAMILY = "1,2";
				TEST_HOST = "$(BUILT_PRODUCTS_DIR)/NunesPrototipo.app/NunesPrototipo";
			};
			name = Debug;
		};
		57A33EBA207E778D00A42D70 /* Release */ = {
			isa = XCBuildConfiguration;
			buildSettings = {
				ALWAYS_EMBED_SWIFT_STANDARD_LIBRARIES = YES;
				BUNDLE_LOADER = "$(TEST_HOST)";
				CODE_SIGN_STYLE = Automatic;
				INFOPLIST_FILE = NunesPrototipoTests/Info.plist;
				LD_RUNPATH_SEARCH_PATHS = (
					"$(inherited)",
					"@executable_path/Frameworks",
					"@loader_path/Frameworks",
				);
				PRODUCT_BUNDLE_IDENTIFIER = UFPE.NunesPrototipoTests;
				PRODUCT_NAME = "$(TARGET_NAME)";
				SWIFT_VERSION = 4.0;
				TARGETED_DEVICE_FAMILY = "1,2";
				TEST_HOST = "$(BUILT_PRODUCTS_DIR)/NunesPrototipo.app/NunesPrototipo";
			};
			name = Release;
		};
		57A33EBC207E778D00A42D70 /* Debug */ = {
			isa = XCBuildConfiguration;
			buildSettings = {
				ALWAYS_EMBED_SWIFT_STANDARD_LIBRARIES = YES;
				CODE_SIGN_STYLE = Automatic;
				INFOPLIST_FILE = NunesPrototipoUITests/Info.plist;
				LD_RUNPATH_SEARCH_PATHS = (
					"$(inherited)",
					"@executable_path/Frameworks",
					"@loader_path/Frameworks",
				);
				PRODUCT_BUNDLE_IDENTIFIER = UFPE.NunesPrototipoUITests;
				PRODUCT_NAME = "$(TARGET_NAME)";
				SWIFT_VERSION = 4.0;
				TARGETED_DEVICE_FAMILY = "1,2";
				TEST_TARGET_NAME = NunesPrototipo;
			};
			name = Debug;
		};
		57A33EBD207E778D00A42D70 /* Release */ = {
			isa = XCBuildConfiguration;
			buildSettings = {
				ALWAYS_EMBED_SWIFT_STANDARD_LIBRARIES = YES;
				CODE_SIGN_STYLE = Automatic;
				INFOPLIST_FILE = NunesPrototipoUITests/Info.plist;
				LD_RUNPATH_SEARCH_PATHS = (
					"$(inherited)",
					"@executable_path/Frameworks",
					"@loader_path/Frameworks",
				);
				PRODUCT_BUNDLE_IDENTIFIER = UFPE.NunesPrototipoUITests;
				PRODUCT_NAME = "$(TARGET_NAME)";
				SWIFT_VERSION = 4.0;
				TARGETED_DEVICE_FAMILY = "1,2";
				TEST_TARGET_NAME = NunesPrototipo;
			};
			name = Release;
		};
/* End XCBuildConfiguration section */

/* Begin XCConfigurationList section */
		57A33E88207E778B00A42D70 /* Build configuration list for PBXProject "NunesPrototipo" */ = {
			isa = XCConfigurationList;
			buildConfigurations = (
				57A33EB3207E778D00A42D70 /* Debug */,
				57A33EB4207E778D00A42D70 /* Release */,
			);
			defaultConfigurationIsVisible = 0;
			defaultConfigurationName = Release;
		};
		57A33EB5207E778D00A42D70 /* Build configuration list for PBXNativeTarget "NunesPrototipo" */ = {
			isa = XCConfigurationList;
			buildConfigurations = (
				57A33EB6207E778D00A42D70 /* Debug */,
				57A33EB7207E778D00A42D70 /* Release */,
			);
			defaultConfigurationIsVisible = 0;
			defaultConfigurationName = Release;
		};
		57A33EB8207E778D00A42D70 /* Build configuration list for PBXNativeTarget "NunesPrototipoTests" */ = {
			isa = XCConfigurationList;
			buildConfigurations = (
				57A33EB9207E778D00A42D70 /* Debug */,
				57A33EBA207E778D00A42D70 /* Release */,
			);
			defaultConfigurationIsVisible = 0;
			defaultConfigurationName = Release;
		};
		57A33EBB207E778D00A42D70 /* Build configuration list for PBXNativeTarget "NunesPrototipoUITests" */ = {
			isa = XCConfigurationList;
			buildConfigurations = (
				57A33EBC207E778D00A42D70 /* Debug */,
				57A33EBD207E778D00A42D70 /* Release */,
			);
			defaultConfigurationIsVisible = 0;
			defaultConfigurationName = Release;
		};
/* End XCConfigurationList section */
	};
	rootObject = 57A33E85207E778B00A42D70 /* Project object */;
}
